
Microsoft Visual Studio Solution File, Format Version 12.00
# Visual Studio Version 17
VisualStudioVersion = 17.14.36518.9 d17.14
MinimumVisualStudioVersion = 10.0.40219.1
Project("{8BC9CEB8-8B4A-11D0-8D11-00A0C91BC942}") = "lR4_Marchuk_Maksym", "lR4_Marchuk_Maksym.vcxproj", "{3FBF4651-526E-CCAE-2D4F-A64029259C65}"
EndProject
Global
	GlobalSection(SolutionConfigurationPlatforms) = preSolution
		Debug|x64 = Debug|x64
		Debug|x86 = Debug|x86
		Release|x64 = Release|x64
		Release|x86 = Release|x86
	EndGlobalSection
	GlobalSection(ProjectConfigurationPlatforms) = postSolution
		{3FBF4651-526E-CCAE-2D4F-A64029259C65}.Debug|x64.ActiveCfg = Debug|x64
		{3FBF4651-526E-CCAE-2D4F-A64029259C65}.Debug|x64.Build.0 = Debug|x64
		{3FBF4651-526E-CCAE-2D4F-A64029259C65}.Debug|x86.ActiveCfg = Debug|Win32
		{3FBF4651-526E-CCAE-2D4F-A64029259C65}.Debug|x86.Build.0 = Debug|Win32
		{3FBF4651-526E-CCAE-2D4F-A64029259C65}.Release|x64.ActiveCfg = Release|x64
		{3FBF4651-526E-CCAE-2D4F-A64029259C65}.Release|x64.Build.0 = Release|x64
		{3FBF4651-526E-CCAE-2D4F-A64029259C65}.Release|x86.ActiveCfg = Release|Win32
		{3FBF4651-526E-CCAE-2D4F-A64029259C65}.Release|x86.Build.0 = Release|Win32
	EndGlobalSection
	GlobalSection(SolutionProperties) = preSolution
		HideSolutionNode = FALSE
	EndGlobalSection
	GlobalSection(ExtensibilityGlobals) = postSolution
		SolutionGuid = {A3A60F26-0DB7-4E67-925D-F5066A23E965}
	EndGlobalSection
EndGlobal
